
Microsoft Visual Studio Solution File, Format Version 12.00
# Visual Studio 15
VisualStudioVersion = 15.0.27130.2026
MinimumVisualStudioVersion = 10.0.40219.1
Project("{FAE04EC0-301F-11D3-BF4B-00C04F79EFBC}") = "AnnotationValidator", "AnnotationValidator\AnnotationValidator.csproj", "{668E0EF8-E830-45AF-B861-292A9A89FA7E}"
EndProject
Global
	GlobalSection(SolutionConfigurationPlatforms) = preSolution
		Debug|Any CPU = Debug|Any CPU
		Release|Any CPU = Release|Any CPU
	EndGlobalSection
	GlobalSection(ProjectConfigurationPlatforms) = postSolution
		{668E0EF8-E830-45AF-B861-292A9A89FA7E}.Debug|Any CPU.ActiveCfg = Debug|Any CPU
		{668E0EF8-E830-45AF-B861-292A9A89FA7E}.Debug|Any CPU.Build.0 = Debug|Any CPU
		{668E0EF8-E830-45AF-B861-292A9A89FA7E}.Release|Any CPU.ActiveCfg = Release|Any CPU
		{668E0EF8-E830-45AF-B861-292A9A89FA7E}.Release|Any CPU.Build.0 = Release|Any CPU
	EndGlobalSection
	GlobalSection(SolutionProperties) = preSolution
		HideSolutionNode = FALSE
	EndGlobalSection
	GlobalSection(ExtensibilityGlobals) = postSolution
		SolutionGuid = {2FA90312-68EC-493C-ACD8-0DE18DA47292}
	EndGlobalSection
EndGlobal
